
Microsoft Visual Studio Solution File, Format Version 12.00
# Visual Studio Version 17
VisualStudioVersion = 17.13.35825.156 d17.13
MinimumVisualStudioVersion = 10.0.40219.1
Project("{FAE04EC0-301F-11D3-BF4B-00C04F79EFBC}") = "Tarea3_Core", "Tarea3_Core.csproj", "{3DB35D87-F1E7-4197-B33D-82119C59AC05}"
EndProject
Global
	GlobalSection(SolutionConfigurationPlatforms) = preSolution
		Debug|Any CPU = Debug|Any CPU
		Release|Any CPU = Release|Any CPU
	EndGlobalSection
	GlobalSection(ProjectConfigurationPlatforms) = postSolution
		{3DB35D87-F1E7-4197-B33D-82119C59AC05}.Debug|Any CPU.ActiveCfg = Debug|Any CPU
		{3DB35D87-F1E7-4197-B33D-82119C59AC05}.Debug|Any CPU.Build.0 = Debug|Any CPU
		{3DB35D87-F1E7-4197-B33D-82119C59AC05}.Release|Any CPU.ActiveCfg = Release|Any CPU
		{3DB35D87-F1E7-4197-B33D-82119C59AC05}.Release|Any CPU.Build.0 = Release|Any CPU
	EndGlobalSection
	GlobalSection(SolutionProperties) = preSolution
		HideSolutionNode = FALSE
	EndGlobalSection
	GlobalSection(ExtensibilityGlobals) = postSolution
		SolutionGuid = {B019FAAF-A5E5-4A65-B22C-37CAB1403B5C}
	EndGlobalSection
EndGlobal
